
Microsoft Visual Studio Solution File, Format Version 12.00
# Visual Studio Version 17
VisualStudioVersion = 17.0.32112.339
MinimumVisualStudioVersion = 10.0.40219.1
Project("{8BC9CEB8-8B4A-11D0-8D11-00A0C91BC942}") = "20220406", "20220406\20220406.vcxproj", "{B12580EC-9EB8-4159-A677-C50275B3F9FE}"
EndProject
Global
	GlobalSection(SolutionConfigurationPlatforms) = preSolution
		Debug|x64 = Debug|x64
		Debug|x86 = Debug|x86
		Release|x64 = Release|x64
		Release|x86 = Release|x86
	EndGlobalSection
	GlobalSection(ProjectConfigurationPlatforms) = postSolution
		{B12580EC-9EB8-4159-A677-C50275B3F9FE}.Debug|x64.ActiveCfg = Debug|x64
		{B12580EC-9EB8-4159-A677-C50275B3F9FE}.Debug|x64.Build.0 = Debug|x64
		{B12580EC-9EB8-4159-A677-C50275B3F9FE}.Debug|x86.ActiveCfg = Debug|Win32
		{B12580EC-9EB8-4159-A677-C50275B3F9FE}.Debug|x86.Build.0 = Debug|Win32
		{B12580EC-9EB8-4159-A677-C50275B3F9FE}.Release|x64.ActiveCfg = Release|x64
		{B12580EC-9EB8-4159-A677-C50275B3F9FE}.Release|x64.Build.0 = Release|x64
		{B12580EC-9EB8-4159-A677-C50275B3F9FE}.Release|x86.ActiveCfg = Release|Win32
		{B12580EC-9EB8-4159-A677-C50275B3F9FE}.Release|x86.Build.0 = Release|Win32
	EndGlobalSection
	GlobalSection(SolutionProperties) = preSolution
		HideSolutionNode = FALSE
	EndGlobalSection
	GlobalSection(ExtensibilityGlobals) = postSolution
		SolutionGuid = {BBC128E9-B264-45D6-BE84-CB35F20C723B}
	EndGlobalSection
EndGlobal
